
Microsoft Visual Studio Solution File, Format Version 12.00
# Visual Studio 15
VisualStudioVersion = 15.0.28010.2041
MinimumVisualStudioVersion = 10.0.40219.1
Project("{FAE04EC0-301F-11D3-BF4B-00C04F79EFBC}") = "FristHotel", "FristHotel\FristHotel.csproj", "{97A2F3D8-0D9A-48DC-A981-B53373A1D79A}"
EndProject
Project("{FAE04EC0-301F-11D3-BF4B-00C04F79EFBC}") = "SecondHotel", "SecondHotel\SecondHotel.csproj", "{02E6BDB8-F5D3-45BB-BEDB-1E920728504A}"
EndProject
Project("{FAE04EC0-301F-11D3-BF4B-00C04F79EFBC}") = "CompanyInfo", "CompanyInfo\CompanyInfo.csproj", "{4A9B298E-A3F0-4D45-AB94-593E4810E7DD}"
EndProject
Project("{FAE04EC0-301F-11D3-BF4B-00C04F79EFBC}") = "CompanyUI", "CompanyUI\CompanyUI.csproj", "{6D924B72-94C5-40EB-9669-02B87D8A0776}"
EndProject
Global
	GlobalSection(SolutionConfigurationPlatforms) = preSolution
		Debug|Any CPU = Debug|Any CPU
		Release|Any CPU = Release|Any CPU
	EndGlobalSection
	GlobalSection(ProjectConfigurationPlatforms) = postSolution
		{97A2F3D8-0D9A-48DC-A981-B53373A1D79A}.Debug|Any CPU.ActiveCfg = Debug|Any CPU
		{97A2F3D8-0D9A-48DC-A981-B53373A1D79A}.Debug|Any CPU.Build.0 = Debug|Any CPU
		{97A2F3D8-0D9A-48DC-A981-B53373A1D79A}.Release|Any CPU.ActiveCfg = Release|Any CPU
		{97A2F3D8-0D9A-48DC-A981-B53373A1D79A}.Release|Any CPU.Build.0 = Release|Any CPU
		{02E6BDB8-F5D3-45BB-BEDB-1E920728504A}.Debug|Any CPU.ActiveCfg = Debug|Any CPU
		{02E6BDB8-F5D3-45BB-BEDB-1E920728504A}.Debug|Any CPU.Build.0 = Debug|Any CPU
		{02E6BDB8-F5D3-45BB-BEDB-1E920728504A}.Release|Any CPU.ActiveCfg = Release|Any CPU
		{02E6BDB8-F5D3-45BB-BEDB-1E920728504A}.Release|Any CPU.Build.0 = Release|Any CPU
		{4A9B298E-A3F0-4D45-AB94-593E4810E7DD}.Debug|Any CPU.ActiveCfg = Debug|Any CPU
		{4A9B298E-A3F0-4D45-AB94-593E4810E7DD}.Debug|Any CPU.Build.0 = Debug|Any CPU
		{4A9B298E-A3F0-4D45-AB94-593E4810E7DD}.Release|Any CPU.ActiveCfg = Release|Any CPU
		{4A9B298E-A3F0-4D45-AB94-593E4810E7DD}.Release|Any CPU.Build.0 = Release|Any CPU
		{6D924B72-94C5-40EB-9669-02B87D8A0776}.Debug|Any CPU.ActiveCfg = Debug|Any CPU
		{6D924B72-94C5-40EB-9669-02B87D8A0776}.Debug|Any CPU.Build.0 = Debug|Any CPU
		{6D924B72-94C5-40EB-9669-02B87D8A0776}.Release|Any CPU.ActiveCfg = Release|Any CPU
		{6D924B72-94C5-40EB-9669-02B87D8A0776}.Release|Any CPU.Build.0 = Release|Any CPU
	EndGlobalSection
	GlobalSection(SolutionProperties) = preSolution
		HideSolutionNode = FALSE
	EndGlobalSection
	GlobalSection(ExtensibilityGlobals) = postSolution
		SolutionGuid = {AFFF55A6-9B95-45ED-99F1-11A816EE763F}
	EndGlobalSection
EndGlobal
